
Microsoft Visual Studio Solution File, Format Version 12.00
# Visual Studio 14
VisualStudioVersion = 14.0.23107.0
MinimumVisualStudioVersion = 10.0.40219.1
Project("{FAE04EC0-301F-11D3-BF4B-00C04F79EFBC}") = "MyService.ServerApp", "MyService.ServerApp\MyService.ServerApp.csproj", "{545BBBEE-CD2F-483F-8CCD-F8211F0908E3}"
	ProjectSection(ProjectDependencies) = postProject
		{95794F14-BF7F-40A4-943A-D5C01F58623F} = {95794F14-BF7F-40A4-943A-D5C01F58623F}
	EndProjectSection
EndProject
Project("{FAE04EC0-301F-11D3-BF4B-00C04F79EFBC}") = "MyService.Application", "MyService.Application\MyService.Application.csproj", "{A1D7A570-5CA1-484D-955F-E8CA97B2F30D}"
EndProject
Project("{FAE04EC0-301F-11D3-BF4B-00C04F79EFBC}") = "MyService.ClientApp", "MyService.ClientApp\MyService.ClientApp.csproj", "{CB6DE9BB-66E2-405E-AE16-5BA1673461C5}"
EndProject
Project("{FAE04EC0-301F-11D3-BF4B-00C04F79EFBC}") = "MyService.WebApi", "MyService.WebApi\MyService.WebApi.csproj", "{95794F14-BF7F-40A4-943A-D5C01F58623F}"
EndProject
Global
	GlobalSection(SolutionConfigurationPlatforms) = preSolution
		Debug|Any CPU = Debug|Any CPU
		Debug|ARM = Debug|ARM
		Debug|x64 = Debug|x64
		Debug|x86 = Debug|x86
		Release|Any CPU = Release|Any CPU
		Release|ARM = Release|ARM
		Release|x64 = Release|x64
		Release|x86 = Release|x86
	EndGlobalSection
	GlobalSection(ProjectConfigurationPlatforms) = postSolution
		{545BBBEE-CD2F-483F-8CCD-F8211F0908E3}.Debug|Any CPU.ActiveCfg = Debug|Any CPU
		{545BBBEE-CD2F-483F-8CCD-F8211F0908E3}.Debug|Any CPU.Build.0 = Debug|Any CPU
		{545BBBEE-CD2F-483F-8CCD-F8211F0908E3}.Debug|ARM.ActiveCfg = Debug|Any CPU
		{545BBBEE-CD2F-483F-8CCD-F8211F0908E3}.Debug|ARM.Build.0 = Debug|Any CPU
		{545BBBEE-CD2F-483F-8CCD-F8211F0908E3}.Debug|x64.ActiveCfg = Debug|Any CPU
		{545BBBEE-CD2F-483F-8CCD-F8211F0908E3}.Debug|x64.Build.0 = Debug|Any CPU
		{545BBBEE-CD2F-483F-8CCD-F8211F0908E3}.Debug|x86.ActiveCfg = Debug|Any CPU
		{545BBBEE-CD2F-483F-8CCD-F8211F0908E3}.Debug|x86.Build.0 = Debug|Any CPU
		{545BBBEE-CD2F-483F-8CCD-F8211F0908E3}.Release|Any CPU.ActiveCfg = Release|Any CPU
		{545BBBEE-CD2F-483F-8CCD-F8211F0908E3}.Release|Any CPU.Build.0 = Release|Any CPU
		{545BBBEE-CD2F-483F-8CCD-F8211F0908E3}.Release|ARM.ActiveCfg = Release|Any CPU
		{545BBBEE-CD2F-483F-8CCD-F8211F0908E3}.Release|ARM.Build.0 = Release|Any CPU
		{545BBBEE-CD2F-483F-8CCD-F8211F0908E3}.Release|x64.ActiveCfg = Release|Any CPU
		{545BBBEE-CD2F-483F-8CCD-F8211F0908E3}.Release|x64.Build.0 = Release|Any CPU
		{545BBBEE-CD2F-483F-8CCD-F8211F0908E3}.Release|x86.ActiveCfg = Release|Any CPU
		{545BBBEE-CD2F-483F-8CCD-F8211F0908E3}.Release|x86.Build.0 = Release|Any CPU
		{A1D7A570-5CA1-484D-955F-E8CA97B2F30D}.Debug|Any CPU.ActiveCfg = Debug|Any CPU
		{A1D7A570-5CA1-484D-955F-E8CA97B2F30D}.Debug|Any CPU.Build.0 = Debug|Any CPU
		{A1D7A570-5CA1-484D-955F-E8CA97B2F30D}.Debug|ARM.ActiveCfg = Debug|Any CPU
		{A1D7A570-5CA1-484D-955F-E8CA97B2F30D}.Debug|ARM.Build.0 = Debug|Any CPU
		{A1D7A570-5CA1-484D-955F-E8CA97B2F30D}.Debug|x64.ActiveCfg = Debug|Any CPU
		{A1D7A570-5CA1-484D-955F-E8CA97B2F30D}.Debug|x64.Build.0 = Debug|Any CPU
		{A1D7A570-5CA1-484D-955F-E8CA97B2F30D}.Debug|x86.ActiveCfg = Debug|Any CPU
		{A1D7A570-5CA1-484D-955F-E8CA97B2F30D}.Debug|x86.Build.0 = Debug|Any CPU
		{A1D7A570-5CA1-484D-955F-E8CA97B2F30D}.Release|Any CPU.ActiveCfg = Release|Any CPU
		{A1D7A570-5CA1-484D-955F-E8CA97B2F30D}.Release|Any CPU.Build.0 = Release|Any CPU
		{A1D7A570-5CA1-484D-955F-E8CA97B2F30D}.Release|ARM.ActiveCfg = Release|Any CPU
		{A1D7A570-5CA1-484D-955F-E8CA97B2F30D}.Release|ARM.Build.0 = Release|Any CPU
		{A1D7A570-5CA1-484D-955F-E8CA97B2F30D}.Release|x64.ActiveCfg = Release|Any CPU
		{A1D7A570-5CA1-484D-955F-E8CA97B2F30D}.Release|x64.Build.0 = Release|Any CPU
		{A1D7A570-5CA1-484D-955F-E8CA97B2F30D}.Release|x86.ActiveCfg = Release|Any CPU
		{A1D7A570-5CA1-484D-955F-E8CA97B2F30D}.Release|x86.Build.0 = Release|Any CPU
		{CB6DE9BB-66E2-405E-AE16-5BA1673461C5}.Debug|Any CPU.ActiveCfg = Debug|Any CPU
		{CB6DE9BB-66E2-405E-AE16-5BA1673461C5}.Debug|Any CPU.Build.0 = Debug|Any CPU
		{CB6DE9BB-66E2-405E-AE16-5BA1673461C5}.Debug|ARM.ActiveCfg = Debug|Any CPU
		{CB6DE9BB-66E2-405E-AE16-5BA1673461C5}.Debug|ARM.Build.0 = Debug|Any CPU
		{CB6DE9BB-66E2-405E-AE16-5BA1673461C5}.Debug|x64.ActiveCfg = Debug|Any CPU
		{CB6DE9BB-66E2-405E-AE16-5BA1673461C5}.Debug|x64.Build.0 = Debug|Any CPU
		{CB6DE9BB-66E2-405E-AE16-5BA1673461C5}.Debug|x86.ActiveCfg = Debug|Any CPU
		{CB6DE9BB-66E2-405E-AE16-5BA1673461C5}.Debug|x86.Build.0 = Debug|Any CPU
		{CB6DE9BB-66E2-405E-AE16-5BA1673461C5}.Release|Any CPU.ActiveCfg = Release|Any CPU
		{CB6DE9BB-66E2-405E-AE16-5BA1673461C5}.Release|Any CPU.Build.0 = Release|Any CPU
		{CB6DE9BB-66E2-405E-AE16-5BA1673461C5}.Release|ARM.ActiveCfg = Release|Any CPU
		{CB6DE9BB-66E2-405E-AE16-5BA1673461C5}.Release|ARM.Build.0 = Release|Any CPU
		{CB6DE9BB-66E2-405E-AE16-5BA1673461C5}.Release|x64.ActiveCfg = Release|Any CPU
		{CB6DE9BB-66E2-405E-AE16-5BA1673461C5}.Release|x64.Build.0 = Release|Any CPU
		{CB6DE9BB-66E2-405E-AE16-5BA1673461C5}.Release|x86.ActiveCfg = Release|Any CPU
		{CB6DE9BB-66E2-405E-AE16-5BA1673461C5}.Release|x86.Build.0 = Release|Any CPU
		{95794F14-BF7F-40A4-943A-D5C01F58623F}.Debug|Any CPU.ActiveCfg = Debug|Any CPU
		{95794F14-BF7F-40A4-943A-D5C01F58623F}.Debug|Any CPU.Build.0 = Debug|Any CPU
		{95794F14-BF7F-40A4-943A-D5C01F58623F}.Debug|ARM.ActiveCfg = Debug|Any CPU
		{95794F14-BF7F-40A4-943A-D5C01F58623F}.Debug|ARM.Build.0 = Debug|Any CPU
		{95794F14-BF7F-40A4-943A-D5C01F58623F}.Debug|x64.ActiveCfg = Debug|Any CPU
		{95794F14-BF7F-40A4-943A-D5C01F58623F}.Debug|x64.Build.0 = Debug|Any CPU
		{95794F14-BF7F-40A4-943A-D5C01F58623F}.Debug|x86.ActiveCfg = Debug|Any CPU
		{95794F14-BF7F-40A4-943A-D5C01F58623F}.Debug|x86.Build.0 = Debug|Any CPU
		{95794F14-BF7F-40A4-943A-D5C01F58623F}.Release|Any CPU.ActiveCfg = Release|Any CPU
		{95794F14-BF7F-40A4-943A-D5C01F58623F}.Release|Any CPU.Build.0 = Release|Any CPU
		{95794F14-BF7F-40A4-943A-D5C01F58623F}.Release|ARM.ActiveCfg = Release|Any CPU
		{95794F14-BF7F-40A4-943A-D5C01F58623F}.Release|ARM.Build.0 = Release|Any CPU
		{95794F14-BF7F-40A4-943A-D5C01F58623F}.Release|x64.ActiveCfg = Release|Any CPU
		{95794F14-BF7F-40A4-943A-D5C01F58623F}.Release|x64.Build.0 = Release|Any CPU
		{95794F14-BF7F-40A4-943A-D5C01F58623F}.Release|x86.ActiveCfg = Release|Any CPU
		{95794F14-BF7F-40A4-943A-D5C01F58623F}.Release|x86.Build.0 = Release|Any CPU
	EndGlobalSection
	GlobalSection(SolutionProperties) = preSolution
		HideSolutionNode = FALSE
	EndGlobalSection
EndGlobal
