
Microsoft Visual Studio Solution File, Format Version 12.00
# Visual Studio 14
VisualStudioVersion = 14.0.23107.0
MinimumVisualStudioVersion = 10.0.40219.1
Project("{FAE04EC0-301F-11D3-BF4B-00C04F79EFBC}") = "Service", "MyPro\Service.csproj", "{E0DF928B-CD03-44DC-9E9C-F552DAFAEE85}"
EndProject
Project("{FAE04EC0-301F-11D3-BF4B-00C04F79EFBC}") = "MyServiceUtilities", "MyServiceUtilities\MyServiceUtilities.csproj", "{7E869DE5-24EE-4544-939B-9D9A87827857}"
EndProject
Project("{FAE04EC0-301F-11D3-BF4B-00C04F79EFBC}") = "Test", "Test\Test.csproj", "{6B22E2B4-B419-46A1-92A7-7E7003CFA90E}"
EndProject
Project("{FAE04EC0-301F-11D3-BF4B-00C04F79EFBC}") = "test2", "test2\test2.csproj", "{480C48A0-DD62-4B91-B497-40723C1636B1}"
EndProject
Project("{2150E333-8FDC-42A3-9474-1A3956D46DE8}") = "Old", "Old", "{57E733D5-BCDA-47F6-BD40-D1C62DA0DB64}"
EndProject
Project("{FAE04EC0-301F-11D3-BF4B-00C04F79EFBC}") = "WfaServer", "WfaServer\WfaServer.csproj", "{F871B014-BFEA-4E7B-A3EA-C6BFC2DFABFA}"
EndProject
Project("{FAE04EC0-301F-11D3-BF4B-00C04F79EFBC}") = "MyService.ServerApp", "MyService.ServerApp\MyService.ServerApp.csproj", "{545BBBEE-CD2F-483F-8CCD-F8211F0908E3}"
EndProject
Global
	GlobalSection(SolutionConfigurationPlatforms) = preSolution
		Debug|Any CPU = Debug|Any CPU
		Debug|ARM = Debug|ARM
		Debug|x64 = Debug|x64
		Debug|x86 = Debug|x86
		Release|Any CPU = Release|Any CPU
		Release|ARM = Release|ARM
		Release|x64 = Release|x64
		Release|x86 = Release|x86
	EndGlobalSection
	GlobalSection(ProjectConfigurationPlatforms) = postSolution
		{E0DF928B-CD03-44DC-9E9C-F552DAFAEE85}.Debug|Any CPU.ActiveCfg = Debug|Any CPU
		{E0DF928B-CD03-44DC-9E9C-F552DAFAEE85}.Debug|Any CPU.Build.0 = Debug|Any CPU
		{E0DF928B-CD03-44DC-9E9C-F552DAFAEE85}.Debug|ARM.ActiveCfg = Debug|Any CPU
		{E0DF928B-CD03-44DC-9E9C-F552DAFAEE85}.Debug|ARM.Build.0 = Debug|Any CPU
		{E0DF928B-CD03-44DC-9E9C-F552DAFAEE85}.Debug|x64.ActiveCfg = Debug|Any CPU
		{E0DF928B-CD03-44DC-9E9C-F552DAFAEE85}.Debug|x64.Build.0 = Debug|Any CPU
		{E0DF928B-CD03-44DC-9E9C-F552DAFAEE85}.Debug|x86.ActiveCfg = Debug|Any CPU
		{E0DF928B-CD03-44DC-9E9C-F552DAFAEE85}.Debug|x86.Build.0 = Debug|Any CPU
		{E0DF928B-CD03-44DC-9E9C-F552DAFAEE85}.Release|Any CPU.ActiveCfg = Release|Any CPU
		{E0DF928B-CD03-44DC-9E9C-F552DAFAEE85}.Release|Any CPU.Build.0 = Release|Any CPU
		{E0DF928B-CD03-44DC-9E9C-F552DAFAEE85}.Release|ARM.ActiveCfg = Release|Any CPU
		{E0DF928B-CD03-44DC-9E9C-F552DAFAEE85}.Release|ARM.Build.0 = Release|Any CPU
		{E0DF928B-CD03-44DC-9E9C-F552DAFAEE85}.Release|x64.ActiveCfg = Release|Any CPU
		{E0DF928B-CD03-44DC-9E9C-F552DAFAEE85}.Release|x64.Build.0 = Release|Any CPU
		{E0DF928B-CD03-44DC-9E9C-F552DAFAEE85}.Release|x86.ActiveCfg = Release|Any CPU
		{E0DF928B-CD03-44DC-9E9C-F552DAFAEE85}.Release|x86.Build.0 = Release|Any CPU
		{7E869DE5-24EE-4544-939B-9D9A87827857}.Debug|Any CPU.ActiveCfg = Debug|Any CPU
		{7E869DE5-24EE-4544-939B-9D9A87827857}.Debug|Any CPU.Build.0 = Debug|Any CPU
		{7E869DE5-24EE-4544-939B-9D9A87827857}.Debug|ARM.ActiveCfg = Debug|Any CPU
		{7E869DE5-24EE-4544-939B-9D9A87827857}.Debug|x64.ActiveCfg = Debug|Any CPU
		{7E869DE5-24EE-4544-939B-9D9A87827857}.Debug|x86.ActiveCfg = Debug|Any CPU
		{7E869DE5-24EE-4544-939B-9D9A87827857}.Release|Any CPU.ActiveCfg = Release|Any CPU
		{7E869DE5-24EE-4544-939B-9D9A87827857}.Release|Any CPU.Build.0 = Release|Any CPU
		{7E869DE5-24EE-4544-939B-9D9A87827857}.Release|ARM.ActiveCfg = Release|Any CPU
		{7E869DE5-24EE-4544-939B-9D9A87827857}.Release|x64.ActiveCfg = Release|Any CPU
		{7E869DE5-24EE-4544-939B-9D9A87827857}.Release|x86.ActiveCfg = Release|Any CPU
		{6B22E2B4-B419-46A1-92A7-7E7003CFA90E}.Debug|Any CPU.ActiveCfg = Debug|Any CPU
		{6B22E2B4-B419-46A1-92A7-7E7003CFA90E}.Debug|Any CPU.Build.0 = Debug|Any CPU
		{6B22E2B4-B419-46A1-92A7-7E7003CFA90E}.Debug|ARM.ActiveCfg = Debug|Any CPU
		{6B22E2B4-B419-46A1-92A7-7E7003CFA90E}.Debug|x64.ActiveCfg = Debug|Any CPU
		{6B22E2B4-B419-46A1-92A7-7E7003CFA90E}.Debug|x86.ActiveCfg = Debug|Any CPU
		{6B22E2B4-B419-46A1-92A7-7E7003CFA90E}.Release|Any CPU.ActiveCfg = Release|Any CPU
		{6B22E2B4-B419-46A1-92A7-7E7003CFA90E}.Release|Any CPU.Build.0 = Release|Any CPU
		{6B22E2B4-B419-46A1-92A7-7E7003CFA90E}.Release|ARM.ActiveCfg = Release|Any CPU
		{6B22E2B4-B419-46A1-92A7-7E7003CFA90E}.Release|x64.ActiveCfg = Release|Any CPU
		{6B22E2B4-B419-46A1-92A7-7E7003CFA90E}.Release|x86.ActiveCfg = Release|Any CPU
		{480C48A0-DD62-4B91-B497-40723C1636B1}.Debug|Any CPU.ActiveCfg = Debug|Any CPU
		{480C48A0-DD62-4B91-B497-40723C1636B1}.Debug|Any CPU.Build.0 = Debug|Any CPU
		{480C48A0-DD62-4B91-B497-40723C1636B1}.Debug|ARM.ActiveCfg = Debug|Any CPU
		{480C48A0-DD62-4B91-B497-40723C1636B1}.Debug|x64.ActiveCfg = Debug|Any CPU
		{480C48A0-DD62-4B91-B497-40723C1636B1}.Debug|x86.ActiveCfg = Debug|Any CPU
		{480C48A0-DD62-4B91-B497-40723C1636B1}.Release|Any CPU.ActiveCfg = Release|Any CPU
		{480C48A0-DD62-4B91-B497-40723C1636B1}.Release|Any CPU.Build.0 = Release|Any CPU
		{480C48A0-DD62-4B91-B497-40723C1636B1}.Release|ARM.ActiveCfg = Release|Any CPU
		{480C48A0-DD62-4B91-B497-40723C1636B1}.Release|x64.ActiveCfg = Release|Any CPU
		{480C48A0-DD62-4B91-B497-40723C1636B1}.Release|x86.ActiveCfg = Release|Any CPU
		{F871B014-BFEA-4E7B-A3EA-C6BFC2DFABFA}.Debug|Any CPU.ActiveCfg = Debug|Any CPU
		{F871B014-BFEA-4E7B-A3EA-C6BFC2DFABFA}.Debug|Any CPU.Build.0 = Debug|Any CPU
		{F871B014-BFEA-4E7B-A3EA-C6BFC2DFABFA}.Debug|ARM.ActiveCfg = Debug|Any CPU
		{F871B014-BFEA-4E7B-A3EA-C6BFC2DFABFA}.Debug|ARM.Build.0 = Debug|Any CPU
		{F871B014-BFEA-4E7B-A3EA-C6BFC2DFABFA}.Debug|x64.ActiveCfg = Debug|Any CPU
		{F871B014-BFEA-4E7B-A3EA-C6BFC2DFABFA}.Debug|x64.Build.0 = Debug|Any CPU
		{F871B014-BFEA-4E7B-A3EA-C6BFC2DFABFA}.Debug|x86.ActiveCfg = Debug|Any CPU
		{F871B014-BFEA-4E7B-A3EA-C6BFC2DFABFA}.Debug|x86.Build.0 = Debug|Any CPU
		{F871B014-BFEA-4E7B-A3EA-C6BFC2DFABFA}.Release|Any CPU.ActiveCfg = Release|Any CPU
		{F871B014-BFEA-4E7B-A3EA-C6BFC2DFABFA}.Release|Any CPU.Build.0 = Release|Any CPU
		{F871B014-BFEA-4E7B-A3EA-C6BFC2DFABFA}.Release|ARM.ActiveCfg = Release|Any CPU
		{F871B014-BFEA-4E7B-A3EA-C6BFC2DFABFA}.Release|ARM.Build.0 = Release|Any CPU
		{F871B014-BFEA-4E7B-A3EA-C6BFC2DFABFA}.Release|x64.ActiveCfg = Release|Any CPU
		{F871B014-BFEA-4E7B-A3EA-C6BFC2DFABFA}.Release|x64.Build.0 = Release|Any CPU
		{F871B014-BFEA-4E7B-A3EA-C6BFC2DFABFA}.Release|x86.ActiveCfg = Release|Any CPU
		{F871B014-BFEA-4E7B-A3EA-C6BFC2DFABFA}.Release|x86.Build.0 = Release|Any CPU
		{545BBBEE-CD2F-483F-8CCD-F8211F0908E3}.Debug|Any CPU.ActiveCfg = Debug|Any CPU
		{545BBBEE-CD2F-483F-8CCD-F8211F0908E3}.Debug|Any CPU.Build.0 = Debug|Any CPU
		{545BBBEE-CD2F-483F-8CCD-F8211F0908E3}.Debug|ARM.ActiveCfg = Debug|Any CPU
		{545BBBEE-CD2F-483F-8CCD-F8211F0908E3}.Debug|ARM.Build.0 = Debug|Any CPU
		{545BBBEE-CD2F-483F-8CCD-F8211F0908E3}.Debug|x64.ActiveCfg = Debug|Any CPU
		{545BBBEE-CD2F-483F-8CCD-F8211F0908E3}.Debug|x64.Build.0 = Debug|Any CPU
		{545BBBEE-CD2F-483F-8CCD-F8211F0908E3}.Debug|x86.ActiveCfg = Debug|Any CPU
		{545BBBEE-CD2F-483F-8CCD-F8211F0908E3}.Debug|x86.Build.0 = Debug|Any CPU
		{545BBBEE-CD2F-483F-8CCD-F8211F0908E3}.Release|Any CPU.ActiveCfg = Release|Any CPU
		{545BBBEE-CD2F-483F-8CCD-F8211F0908E3}.Release|Any CPU.Build.0 = Release|Any CPU
		{545BBBEE-CD2F-483F-8CCD-F8211F0908E3}.Release|ARM.ActiveCfg = Release|Any CPU
		{545BBBEE-CD2F-483F-8CCD-F8211F0908E3}.Release|ARM.Build.0 = Release|Any CPU
		{545BBBEE-CD2F-483F-8CCD-F8211F0908E3}.Release|x64.ActiveCfg = Release|Any CPU
		{545BBBEE-CD2F-483F-8CCD-F8211F0908E3}.Release|x64.Build.0 = Release|Any CPU
		{545BBBEE-CD2F-483F-8CCD-F8211F0908E3}.Release|x86.ActiveCfg = Release|Any CPU
		{545BBBEE-CD2F-483F-8CCD-F8211F0908E3}.Release|x86.Build.0 = Release|Any CPU
	EndGlobalSection
	GlobalSection(SolutionProperties) = preSolution
		HideSolutionNode = FALSE
	EndGlobalSection
	GlobalSection(NestedProjects) = preSolution
		{E0DF928B-CD03-44DC-9E9C-F552DAFAEE85} = {57E733D5-BCDA-47F6-BD40-D1C62DA0DB64}
		{7E869DE5-24EE-4544-939B-9D9A87827857} = {57E733D5-BCDA-47F6-BD40-D1C62DA0DB64}
		{6B22E2B4-B419-46A1-92A7-7E7003CFA90E} = {57E733D5-BCDA-47F6-BD40-D1C62DA0DB64}
		{480C48A0-DD62-4B91-B497-40723C1636B1} = {57E733D5-BCDA-47F6-BD40-D1C62DA0DB64}
	EndGlobalSection
EndGlobal
